
Microsoft Visual Studio Solution File, Format Version 10.00
# Visual Studio 2008
Project("{FAE04EC0-301F-11D3-BF4B-00C04F79EFBC}") = "ConfigManagementLibrary.3series", "ConfigManagementLibrary\ConfigManagementLibrary.3series.csproj", "{5EAC9D2D-612C-49D2-9D45-A581410367D9}"
EndProject
Project("{FAE04EC0-301F-11D3-BF4B-00C04F79EFBC}") = "ConfigManagementLibrary.Test3series", "ConfigManagementLibrary.Test3series\ConfigManagementLibrary.Test3series.csproj", "{DED7B127-C7A7-48E6-A7B2-8085C0625996}"
EndProject
Global
	GlobalSection(SolutionConfigurationPlatforms) = preSolution
		Debug|Any CPU = Debug|Any CPU
		Release|Any CPU = Release|Any CPU
	EndGlobalSection
	GlobalSection(ProjectConfigurationPlatforms) = postSolution
		{5EAC9D2D-612C-49D2-9D45-A581410367D9}.Debug|Any CPU.ActiveCfg = Debug|Any CPU
		{5EAC9D2D-612C-49D2-9D45-A581410367D9}.Debug|Any CPU.Build.0 = Debug|Any CPU
		{5EAC9D2D-612C-49D2-9D45-A581410367D9}.Release|Any CPU.ActiveCfg = Release|Any CPU
		{5EAC9D2D-612C-49D2-9D45-A581410367D9}.Release|Any CPU.Build.0 = Release|Any CPU
		{DED7B127-C7A7-48E6-A7B2-8085C0625996}.Debug|Any CPU.ActiveCfg = Debug|Any CPU
		{DED7B127-C7A7-48E6-A7B2-8085C0625996}.Debug|Any CPU.Build.0 = Debug|Any CPU
		{DED7B127-C7A7-48E6-A7B2-8085C0625996}.Release|Any CPU.ActiveCfg = Release|Any CPU
		{DED7B127-C7A7-48E6-A7B2-8085C0625996}.Release|Any CPU.Build.0 = Release|Any CPU
	EndGlobalSection
	GlobalSection(SolutionProperties) = preSolution
		HideSolutionNode = FALSE
	EndGlobalSection
EndGlobal
