
Microsoft Visual Studio Solution File, Format Version 10.00
# Visual Studio 2008
Project("{9BB6F3E6-C9F5-4C4A-8D0A-5AA79504D984}") = "ConfigManagementLibrary.3series", "ConfigManagementLibrary\ConfigManagementLibrary.3series.csproj", "{EF262098-B944-4DF3-BE6C-F3FC384F7849}"
EndProject
Project("{9BB6F3E6-C9F5-4C4A-8D0A-5AA79504D984}") = "ConfigManagementLibrary.Test3series", "ConfigManagementLibrary.Test3series\ConfigManagementLibrary.Test3series.csproj", "{1B9FAF07-B57E-4DAF-BE99-2993ACFDF303}"
EndProject
Global
	GlobalSection(SolutionConfigurationPlatforms) = preSolution
		Debug|Any CPU = Debug|Any CPU
		Release|Any CPU = Release|Any CPU
	EndGlobalSection
	GlobalSection(ProjectConfigurationPlatforms) = postSolution
		{EF262098-B944-4DF3-BE6C-F3FC384F7849}.Debug|Any CPU.ActiveCfg = Debug|Any CPU
		{EF262098-B944-4DF3-BE6C-F3FC384F7849}.Debug|Any CPU.Build.0 = Debug|Any CPU
		{EF262098-B944-4DF3-BE6C-F3FC384F7849}.Release|Any CPU.ActiveCfg = Release|Any CPU
		{EF262098-B944-4DF3-BE6C-F3FC384F7849}.Release|Any CPU.Build.0 = Release|Any CPU
		{1B9FAF07-B57E-4DAF-BE99-2993ACFDF303}.Debug|Any CPU.ActiveCfg = Debug|Any CPU
		{1B9FAF07-B57E-4DAF-BE99-2993ACFDF303}.Debug|Any CPU.Build.0 = Debug|Any CPU
		{1B9FAF07-B57E-4DAF-BE99-2993ACFDF303}.Release|Any CPU.ActiveCfg = Release|Any CPU
		{1B9FAF07-B57E-4DAF-BE99-2993ACFDF303}.Release|Any CPU.Build.0 = Release|Any CPU
	EndGlobalSection
	GlobalSection(SolutionProperties) = preSolution
		HideSolutionNode = FALSE
	EndGlobalSection
EndGlobal
