
Microsoft Visual Studio Solution File, Format Version 12.00
# Visual Studio Version 16
VisualStudioVersion = 16.0.30804.86
MinimumVisualStudioVersion = 10.0.40219.1
Project("{9BB6F3E6-C9F5-4C4A-8D0A-5AA79504D984}") = "ConfigManagementLibrary", "ConfigManagementLibrary\ConfigManagementLibrary.csproj", "{EF262098-B944-4DF3-BE6C-F3FC384F7849}"
EndProject
Project("{9BB6F3E6-C9F5-4C4A-8D0A-5AA79504D984}") = "ConfigManagementLibrary.Tests", "ConfigManagementLibrary.Tests\ConfigManagementLibrary.Tests.csproj", "{1B9FAF07-B57E-4DAF-BE99-2993ACFDF303}"
EndProject
Global
	GlobalSection(SolutionConfigurationPlatforms) = preSolution
		Debug|Any CPU = Debug|Any CPU
		Release|Any CPU = Release|Any CPU
	EndGlobalSection
	GlobalSection(ProjectConfigurationPlatforms) = postSolution
		{EF262098-B944-4DF3-BE6C-F3FC384F7849}.Debug|Any CPU.ActiveCfg = Debug|Any CPU
		{EF262098-B944-4DF3-BE6C-F3FC384F7849}.Debug|Any CPU.Build.0 = Debug|Any CPU
		{EF262098-B944-4DF3-BE6C-F3FC384F7849}.Release|Any CPU.ActiveCfg = Release|Any CPU
		{EF262098-B944-4DF3-BE6C-F3FC384F7849}.Release|Any CPU.Build.0 = Release|Any CPU
		{1B9FAF07-B57E-4DAF-BE99-2993ACFDF303}.Debug|Any CPU.ActiveCfg = Debug|Any CPU
		{1B9FAF07-B57E-4DAF-BE99-2993ACFDF303}.Debug|Any CPU.Build.0 = Debug|Any CPU
		{1B9FAF07-B57E-4DAF-BE99-2993ACFDF303}.Release|Any CPU.ActiveCfg = Release|Any CPU
		{1B9FAF07-B57E-4DAF-BE99-2993ACFDF303}.Release|Any CPU.Build.0 = Release|Any CPU
	EndGlobalSection
	GlobalSection(SolutionProperties) = preSolution
		HideSolutionNode = FALSE
	EndGlobalSection
	GlobalSection(ExtensibilityGlobals) = postSolution
		SolutionGuid = {28A9067C-150F-4983-A064-BA89C70CFC8F}
	EndGlobalSection
EndGlobal
